
Microsoft Visual Studio Solution File, Format Version 12.00
# Visual Studio Version 16
VisualStudioVersion = 16.0.30330.147
MinimumVisualStudioVersion = 10.0.40219.1
Project("{FAE04EC0-301F-11D3-BF4B-00C04F79EFBC}") = "POO3A2038", "POO3A2038\POO3A2038.csproj", "{50A9357A-3ADA-4BB1-AA4A-3B91122F8F37}"
EndProject
Global
	GlobalSection(SolutionConfigurationPlatforms) = preSolution
		Debug|Any CPU = Debug|Any CPU
		Release|Any CPU = Release|Any CPU
	EndGlobalSection
	GlobalSection(ProjectConfigurationPlatforms) = postSolution
		{50A9357A-3ADA-4BB1-AA4A-3B91122F8F37}.Debug|Any CPU.ActiveCfg = Debug|Any CPU
		{50A9357A-3ADA-4BB1-AA4A-3B91122F8F37}.Debug|Any CPU.Build.0 = Debug|Any CPU
		{50A9357A-3ADA-4BB1-AA4A-3B91122F8F37}.Release|Any CPU.ActiveCfg = Release|Any CPU
		{50A9357A-3ADA-4BB1-AA4A-3B91122F8F37}.Release|Any CPU.Build.0 = Release|Any CPU
	EndGlobalSection
	GlobalSection(SolutionProperties) = preSolution
		HideSolutionNode = FALSE
	EndGlobalSection
	GlobalSection(ExtensibilityGlobals) = postSolution
		SolutionGuid = {FDF2698A-05CB-4D75-85C8-59DA53AF8B78}
	EndGlobalSection
EndGlobal
